
Microsoft Visual Studio Solution File, Format Version 12.00
# Visual Studio 2013
VisualStudioVersion = 12.0.31101.0
MinimumVisualStudioVersion = 10.0.40219.1
Project("{FAE04EC0-301F-11D3-BF4B-00C04F79EFBC}") = "GUI", "GUI\GUI.csproj", "{D7F8463F-3C19-425C-A4E1-23FBB3B11A98}"
EndProject
Project("{FAE04EC0-301F-11D3-BF4B-00C04F79EFBC}") = "Modelo", "Modelo\Modelo.csproj", "{176ECF67-11B6-45BB-930E-103CD5BAF32C}"
EndProject
Project("{FAE04EC0-301F-11D3-BF4B-00C04F79EFBC}") = "DAL", "DAL\DAL.csproj", "{D7EFF809-0A71-4AD1-AAD9-F8AEA34BAFC1}"
EndProject
Project("{FAE04EC0-301F-11D3-BF4B-00C04F79EFBC}") = "BLL", "BLL\BLL.csproj", "{08A08FC8-C613-4B64-BCFD-8B9F4049E4C4}"
EndProject
Global
	GlobalSection(SolutionConfigurationPlatforms) = preSolution
		Debug|Any CPU = Debug|Any CPU
		Release|Any CPU = Release|Any CPU
	EndGlobalSection
	GlobalSection(ProjectConfigurationPlatforms) = postSolution
		{D7F8463F-3C19-425C-A4E1-23FBB3B11A98}.Debug|Any CPU.ActiveCfg = Debug|Any CPU
		{D7F8463F-3C19-425C-A4E1-23FBB3B11A98}.Debug|Any CPU.Build.0 = Debug|Any CPU
		{D7F8463F-3C19-425C-A4E1-23FBB3B11A98}.Release|Any CPU.ActiveCfg = Release|Any CPU
		{D7F8463F-3C19-425C-A4E1-23FBB3B11A98}.Release|Any CPU.Build.0 = Release|Any CPU
		{176ECF67-11B6-45BB-930E-103CD5BAF32C}.Debug|Any CPU.ActiveCfg = Debug|Any CPU
		{176ECF67-11B6-45BB-930E-103CD5BAF32C}.Debug|Any CPU.Build.0 = Debug|Any CPU
		{176ECF67-11B6-45BB-930E-103CD5BAF32C}.Release|Any CPU.ActiveCfg = Release|Any CPU
		{176ECF67-11B6-45BB-930E-103CD5BAF32C}.Release|Any CPU.Build.0 = Release|Any CPU
		{D7EFF809-0A71-4AD1-AAD9-F8AEA34BAFC1}.Debug|Any CPU.ActiveCfg = Debug|Any CPU
		{D7EFF809-0A71-4AD1-AAD9-F8AEA34BAFC1}.Debug|Any CPU.Build.0 = Debug|Any CPU
		{D7EFF809-0A71-4AD1-AAD9-F8AEA34BAFC1}.Release|Any CPU.ActiveCfg = Release|Any CPU
		{D7EFF809-0A71-4AD1-AAD9-F8AEA34BAFC1}.Release|Any CPU.Build.0 = Release|Any CPU
		{08A08FC8-C613-4B64-BCFD-8B9F4049E4C4}.Debug|Any CPU.ActiveCfg = Debug|Any CPU
		{08A08FC8-C613-4B64-BCFD-8B9F4049E4C4}.Debug|Any CPU.Build.0 = Debug|Any CPU
		{08A08FC8-C613-4B64-BCFD-8B9F4049E4C4}.Release|Any CPU.ActiveCfg = Release|Any CPU
		{08A08FC8-C613-4B64-BCFD-8B9F4049E4C4}.Release|Any CPU.Build.0 = Release|Any CPU
	EndGlobalSection
	GlobalSection(SolutionProperties) = preSolution
		HideSolutionNode = FALSE
	EndGlobalSection
EndGlobal
